
Microsoft Visual Studio Solution File, Format Version 12.00
# Visual Studio 2012
Project("{FAE04EC0-301F-11D3-BF4B-00C04F79EFBC}") = "IsItU", "IsItU.csproj", "{88A441D6-B8FA-43A3-8F16-D049B32E3AFF}"
EndProject
Global
	GlobalSection(SolutionConfigurationPlatforms) = preSolution
		Debug|Any CPU = Debug|Any CPU
		Release|Any CPU = Release|Any CPU
	EndGlobalSection
	GlobalSection(ProjectConfigurationPlatforms) = postSolution
		{88A441D6-B8FA-43A3-8F16-D049B32E3AFF}.Debug|Any CPU.ActiveCfg = Debug|Any CPU
		{88A441D6-B8FA-43A3-8F16-D049B32E3AFF}.Debug|Any CPU.Build.0 = Debug|Any CPU
		{88A441D6-B8FA-43A3-8F16-D049B32E3AFF}.Release|Any CPU.ActiveCfg = Release|Any CPU
		{88A441D6-B8FA-43A3-8F16-D049B32E3AFF}.Release|Any CPU.Build.0 = Release|Any CPU
	EndGlobalSection
EndGlobal
